
Microsoft Visual Studio Solution File, Format Version 12.00
# Visual Studio Version 17
VisualStudioVersion = 17.9.34714.143
MinimumVisualStudioVersion = 10.0.40219.1
Project("{FAE04EC0-301F-11D3-BF4B-00C04F79EFBC}") = "26.12.24 NTP", "26.12.24 NTP\26.12.24 NTP.csproj", "{507BB880-F136-481C-8748-B6B7AEA50E5A}"
EndProject
Global
	GlobalSection(SolutionConfigurationPlatforms) = preSolution
		Debug|Any CPU = Debug|Any CPU
		Release|Any CPU = Release|Any CPU
	EndGlobalSection
	GlobalSection(ProjectConfigurationPlatforms) = postSolution
		{507BB880-F136-481C-8748-B6B7AEA50E5A}.Debug|Any CPU.ActiveCfg = Debug|Any CPU
		{507BB880-F136-481C-8748-B6B7AEA50E5A}.Debug|Any CPU.Build.0 = Debug|Any CPU
		{507BB880-F136-481C-8748-B6B7AEA50E5A}.Release|Any CPU.ActiveCfg = Release|Any CPU
		{507BB880-F136-481C-8748-B6B7AEA50E5A}.Release|Any CPU.Build.0 = Release|Any CPU
	EndGlobalSection
	GlobalSection(SolutionProperties) = preSolution
		HideSolutionNode = FALSE
	EndGlobalSection
	GlobalSection(ExtensibilityGlobals) = postSolution
		SolutionGuid = {AB84C4BC-43F7-4EEE-B8B0-C06E5C37447B}
	EndGlobalSection
EndGlobal
